
Microsoft Visual Studio Solution File, Format Version 12.00
# Visual Studio Version 16
VisualStudioVersion = 16.0.30907.101
MinimumVisualStudioVersion = 10.0.40219.1
Project("{FAE04EC0-301F-11D3-BF4B-00C04F79EFBC}") = "finalcheckcshap", "finalcheckcshap\finalcheckcshap.csproj", "{AF990482-70B5-40F2-9235-417ABE4DE21E}"
EndProject
Project("{FAE04EC0-301F-11D3-BF4B-00C04F79EFBC}") = "Com.Cognizant.MovieCruiser.Dao", "..\Com.Cognizant.MovieCruiser.Dao\Com.Cognizant.MovieCruiser.Dao\Com.Cognizant.MovieCruiser.Dao.csproj", "{190658E1-1C09-4D1F-9690-27C73A480D00}"
EndProject
Project("{FAE04EC0-301F-11D3-BF4B-00C04F79EFBC}") = "Com.Cognizant.MovieCruiser.Model", "..\Com.Cognizant.MovieCruiser.Model\Com.Cognizant.MovieCruiser.Model\Com.Cognizant.MovieCruiser.Model.csproj", "{587239C4-D483-4E3D-8070-799B7A8359CD}"
EndProject
Global
	GlobalSection(SolutionConfigurationPlatforms) = preSolution
		Debug|Any CPU = Debug|Any CPU
		Release|Any CPU = Release|Any CPU
	EndGlobalSection
	GlobalSection(ProjectConfigurationPlatforms) = postSolution
		{AF990482-70B5-40F2-9235-417ABE4DE21E}.Debug|Any CPU.ActiveCfg = Debug|Any CPU
		{AF990482-70B5-40F2-9235-417ABE4DE21E}.Debug|Any CPU.Build.0 = Debug|Any CPU
		{AF990482-70B5-40F2-9235-417ABE4DE21E}.Release|Any CPU.ActiveCfg = Release|Any CPU
		{AF990482-70B5-40F2-9235-417ABE4DE21E}.Release|Any CPU.Build.0 = Release|Any CPU
		{190658E1-1C09-4D1F-9690-27C73A480D00}.Debug|Any CPU.ActiveCfg = Debug|Any CPU
		{190658E1-1C09-4D1F-9690-27C73A480D00}.Debug|Any CPU.Build.0 = Debug|Any CPU
		{190658E1-1C09-4D1F-9690-27C73A480D00}.Release|Any CPU.ActiveCfg = Release|Any CPU
		{190658E1-1C09-4D1F-9690-27C73A480D00}.Release|Any CPU.Build.0 = Release|Any CPU
		{587239C4-D483-4E3D-8070-799B7A8359CD}.Debug|Any CPU.ActiveCfg = Debug|Any CPU
		{587239C4-D483-4E3D-8070-799B7A8359CD}.Debug|Any CPU.Build.0 = Debug|Any CPU
		{587239C4-D483-4E3D-8070-799B7A8359CD}.Release|Any CPU.ActiveCfg = Release|Any CPU
		{587239C4-D483-4E3D-8070-799B7A8359CD}.Release|Any CPU.Build.0 = Release|Any CPU
	EndGlobalSection
	GlobalSection(SolutionProperties) = preSolution
		HideSolutionNode = FALSE
	EndGlobalSection
	GlobalSection(ExtensibilityGlobals) = postSolution
		SolutionGuid = {2FBE7BA0-1852-41DF-94B6-C47E21EB9C98}
	EndGlobalSection
EndGlobal
